github.com/solsw/mathhelper v0.2.1 h1:foSrLrL6v8KLJjV+1iWiIvRUQSx2KepyU2dy2MFczhk=
github.com/solsw/mathhelper v0.2.1/go.mod h1:y8eI3aZ8T0PXpscowdT8X7jzywTsmm37y8qjK31HucU=
golang.org/x/exp v0.0.0-20250606033433-dcc06ee1d476 h1:bsqhLWFR6G6xiQcb+JoGqdKdRU6WzPWmK8E0jxTjzo4=
golang.org/x/exp v0.0.0-20250606033433-dcc06ee1d476/go.mod h1:3//PLf8L/X+8b4vuAfHzxeRUl04Adcb341+IGKfnqS8=
