github.com/solsw/mathhelper v0.3.0 h1:4fxnTkkGj1r6J3o2sKhNY89s2VCX7UZutYlB7fD7hSU=
github.com/solsw/mathhelper v0.3.0/go.mod h1:W+S7BqLIUZqZ59DrxCi1eErD3UQTcRfOXdVL0uIOO1w=
golang.org/x/exp v0.0.0-20260611194520-c48552f49976 h1:X8Hz2ImujgbmetVuW+w2YkyZChE3cBpZi2P158rTG9M=
golang.org/x/exp v0.0.0-20260611194520-c48552f49976/go.mod h1:vnf4pv9iKZXY58sQE1L86zmNWJ4159e1RkcWiLCkeEY=
