github.com/solsw/mathhelper v0.2.1 h1:foSrLrL6v8KLJjV+1iWiIvRUQSx2KepyU2dy2MFczhk=
github.com/solsw/mathhelper v0.2.1/go.mod h1:y8eI3aZ8T0PXpscowdT8X7jzywTsmm37y8qjK31HucU=
golang.org/x/exp v0.0.0-20240416160154-fe59bbe5cc7f h1:99ci1mjWVBWwJiEKYY6jWa4d2nTQVIEhZIptnrVb1XY=
golang.org/x/exp v0.0.0-20240416160154-fe59bbe5cc7f/go.mod h1:/lliqkxwWAhPjf5oSOIJup2XcqJaw8RGS6k3TGEc7GI=
